// !$*UTF8*$!
{
	archiveVersion = 1;
	classes = {
	};
	objectVersion = 48;
	objects = {

/* Begin PBXBuildFile section */
		2D96FC571FE1854C00D0857E /* AppDelegate.swift in Sources */ = {isa = PBXBuildFile; fileRef = 2D96FC561FE1854C00D0857E /* AppDelegate.swift */; };
		2D96FC591FE1854C00D0857E /* ViewController.swift in Sources */ = {isa = PBXBuildFile; fileRef = 2D96FC581FE1854C00D0857E /* ViewController.swift */; };
		2D96FC5C1FE1854C00D0857E /* Main.storyboard in Resources */ = {isa = PBXBuildFile; fileRef = 2D96FC5A1FE1854C00D0857E /* Main.storyboard */; };
		2D96FC5E1FE1854C00D0857E /* Assets.xcassets in Resources */ = {isa = PBXBuildFile; fileRef = 2D96FC5D1FE1854C00D0857E /* Assets.xcassets */; };
		2D96FC611FE1854C00D0857E /* LaunchScreen.storyboard in Resources */ = {isa = PBXBuildFile; fileRef = 2D96FC5F1FE1854C00D0857E /* LaunchScreen.storyboard */; };
		2D96FC6B1FE1A15700D0857E /* web.html in Resources */ = {isa = PBXBuildFile; fileRef = 2D96FC6A1FE1A15700D0857E /* web.html */; };
/* End PBXBuildFile section */

/* Begin PBXFileReference section */
		2D96FC531FE1854C00D0857E /* js2iOS.app */ = {isa = PBXFileReference; explicitFileType = wrapper.application; includeInIndex = 0; path = js2iOS.app; sourceTree = BUILT_PRODUCTS_DIR; };
		2D96FC561FE1854C00D0857E /* AppDelegate.swift */ = {isa = PBXFileReference; lastKnownFileType = sourcecode.swift; path = AppDelegate.swift; sourceTree = "<group>"; };
		2D96FC581FE1854C00D0857E /* ViewController.swift */ = {isa = PBXFileReference; lastKnownFileType = sourcecode.swift; path = ViewController.swift; sourceTree = "<group>"; };
		2D96FC5B1FE1854C00D0857E /* Base */ = {isa = PBXFileReference; lastKnownFileType = file.storyboard; name = Base; path = Base.lproj/Main.storyboard; sourceTree = "<group>"; };
		2D96FC5D1FE1854C00D0857E /* Assets.xcassets */ = {isa = PBXFileReference; lastKnownFileType = folder.assetcatalog; path = Assets.xcassets; sourceTree = "<group>"; };
		2D96FC601FE1854C00D0857E /* Base */ = {isa = PBXFileReference; lastKnownFileType = file.storyboard; name = Base; path = Base.lproj/LaunchScreen.storyboard; sourceTree = "<group>"; };
		2D96FC621FE1854C00D0857E /* Info.plist */ = {isa = PBXFileReference; lastKnownFileType = text.plist.xml; path = Info.plist; sourceTree = "<group>"; };
		2D96FC6A1FE1A15700D0857E /* web.html */ = {isa = PBXFileReference; fileEncoding = 4; lastKnownFileType = text.html; path = web.html; sourceTree = "<group>"; };
/* End PBXFileReference section */

/* Begin PBXFrameworksBuildPhase section */
		2D96FC501FE1854C00D0857E /* Frameworks */ = {
			isa = PBXFrameworksBuildPhase;
			buildActionMask = 2147483647;
			files = (
			);
			runOnlyForDeploymentPostprocessing = 0;
		};
/* End PBXFrameworksBuildPhase section */

/* Begin PBXGroup section */
		2D96FC4A1FE1854C00D0857E = {
			isa = PBXGroup;
			children = (
				2D96FC551FE1854C00D0857E /* js2iOS */,
				2D96FC541FE1854C00D0857E /* Products */,
			);
			sourceTree = "<group>";
		};
		2D96FC541FE1854C00D0857E /* Products */ = {
			isa = PBXGroup;
			children = (
				2D96FC531FE1854C00D0857E /* js2iOS.app */,
			);
			name = Products;
			sourceTree = "<group>";
		};
		2D96FC551FE1854C00D0857E /* js2iOS */ = {
			isa = PBXGroup;
			children = (
				2D96FC6A1FE1A15700D0857E /* web.html */,
				2D96FC561FE1854C00D0857E /* AppDelegate.swift */,
				2D96FC581FE1854C00D0857E /* ViewController.swift */,
				2D96FC5A1FE1854C00D0857E /* Main.storyboard */,
				2D96FC5D1FE1854C00D0857E /* Assets.xcassets */,
				2D96FC5F1FE1854C00D0857E /* LaunchScreen.storyboard */,
				2D96FC621FE1854C00D0857E /* Info.plist */,
			);
			path = js2iOS;
			sourceTree = "<group>";
		};
/* End PBXGroup section */

/* Begin PBXNativeTarget section */
		2D96FC521FE1854C00D0857E /* js2iOS */ = {
			isa = PBXNativeTarget;
			buildConfigurationList = 2D96FC651FE1854C00D0857E /* Build configuration list for PBXNativeTarget "js2iOS" */;
			buildPhases = (
				2D96FC4F1FE1854C00D0857E /* Sources */,
				2D96FC501FE1854C00D0857E /* Frameworks */,
				2D96FC511FE1854C00D0857E /* Resources */,
			);
			buildRules = (
			);
			dependencies = (
			);
			name = js2iOS;
			productName = js2iOS;
			productReference = 2D96FC531FE1854C00D0857E /* js2iOS.app */;
			productType = "com.apple.product-type.application";
		};
/* End PBXNativeTarget section */

/* Begin PBXProject section */
		2D96FC4B1FE1854C00D0857E /* Project object */ = {
			isa = PBXProject;
			attributes = {
				LastSwiftUpdateCheck = 0910;
				LastUpgradeCheck = 0910;
				ORGANIZATIONNAME = mj.example;
				TargetAttributes = {
					2D96FC521FE1854C00D0857E = {
						CreatedOnToolsVersion = 9.1;
						ProvisioningStyle = Automatic;
					};
				};
			};
			buildConfigurationList = 2D96FC4E1FE1854C00D0857E /* Build configuration list for PBXProject "js2iOS" */;
			compatibilityVersion = "Xcode 8.0";
			developmentRegion = en;
			hasScannedForEncodings = 0;
			knownRegions = (
				en,
				Base,
			);
			mainGroup = 2D96FC4A1FE1854C00D0857E;
			productRefGroup = 2D96FC541FE1854C00D0857E /* Products */;
			projectDirPath = "";
			projectRoot = "";
			targets = (
				2D96FC521FE1854C00D0857E /* js2iOS */,
			);
		};
/* End PBXProject section */

/* Begin PBXResourcesBuildPhase section */
		2D96FC511FE1854C00D0857E /* Resources */ = {
			isa = PBXResourcesBuildPhase;
			buildActionMask = 2147483647;
			files = (
				2D96FC611FE1854C00D0857E /* LaunchScreen.storyboard in Resources */,
				2D96FC6B1FE1A15700D0857E /* web.html in Resources */,
				2D96FC5E1FE1854C00D0857E /* Assets.xcassets in Resources */,
				2D96FC5C1FE1854C00D0857E /* Main.storyboard in Resources */,
			);
			runOnlyForDeploymentPostprocessing = 0;
		};
/* End PBXResourcesBuildPhase section */

/* Begin PBXSourcesBuildPhase section */
		2D96FC4F1FE1854C00D0857E /* Sources */ = {
			isa = PBXSourcesBuildPhase;
			buildActionMask = 2147483647;
			files = (
				2D96FC591FE1854C00D0857E /* ViewController.swift in Sources */,
				2D96FC571FE1854C00D0857E /* AppDelegate.swift in Sources */,
			);
			runOnlyForDeploymentPostprocessing = 0;
		};
/* End PBXSourcesBuildPhase section */

/* Begin PBXVariantGroup section */
		2D96FC5A1FE1854C00D0857E /* Main.storyboard */ = {
			isa = PBXVariantGroup;
			children = (
				2D96FC5B1FE1854C00D0857E /* Base */,
			);
			name = Main.storyboard;
			sourceTree = "<group>";
		};
		2D96FC5F1FE1854C00D0857E /* LaunchScreen.storyboard */ = {
			isa = PBXVariantGroup;
			children = (
				2D96FC601FE1854C00D0857E /* Base */,
			);
			name = LaunchScreen.storyboard;
			sourceTree = "<group>";
		};
/* End PBXVariantGroup section */

/* Begin XCBuildConfiguration section */
		2D96FC631FE1854C00D0857E /* Debug */ = {
			isa = XCBuildConfiguration;
			buildSettings = {
				ALWAYS_SEARCH_USER_PATHS = NO;
				CLANG_ANALYZER_NONNULL = YES;
				CLANG_ANALYZER_NUMBER_OBJECT_CONVERSION = YES_AGGRESSIVE;
				CLANG_CXX_LANGUAGE_STANDARD = "gnu++14";
				CLANG_CXX_LIBRARY = "libc++";
				CLANG_ENABLE_MODULES = YES;
				CLANG_ENABLE_OBJC_ARC = YES;
				CLANG_WARN_BLOCK_CAPTURE_AUTORELEASING = YES;
				CLANG_WARN_BOOL_CONVERSION = YES;
				CLANG_WARN_COMMA = YES;
				CLANG_WARN_CONSTANT_CONVERSION = YES;
				CLANG_WARN_DIRECT_OBJC_ISA_USAGE = YES_ERROR;
				CLANG_WARN_DOCUMENTATION_COMMENTS = YES;
				CLANG_WARN_EMPTY_BODY = YES;
				CLANG_WARN_ENUM_CONVERSION = YES;
				CLANG_WARN_INFINITE_RECURSION = YES;
				CLANG_WARN_INT_CONVERSION = YES;
				CLANG_WARN_NON_LITERAL_NULL_CONVERSION = YES;
				CLANG_WARN_OBJC_LITERAL_CONVERSION = YES;
				CLANG_WARN_OBJC_ROOT_CLASS = YES_ERROR;
				CLANG_WARN_RANGE_LOOP_ANALYSIS = YES;
				CLANG_WARN_STRICT_PROTOTYPES = YES;
				CLANG_WARN_SUSPICIOUS_MOVE = YES;
				CLANG_WARN_UNGUARDED_AVAILABILITY = YES_AGGRESSIVE;
				CLANG_WARN_UNREACHABLE_CODE = YES;
				CLANG_WARN__DUPLICATE_METHOD_MATCH = YES;
				CODE_SIGN_IDENTITY = "iPhone Developer";
				COPY_PHASE_STRIP = NO;
				DEBUG_INFORMATION_FORMAT = dwarf;
				ENABLE_STRICT_OBJC_MSGSEND = YES;
				ENABLE_TESTABILITY = YES;
				GCC_C_LANGUAGE_STANDARD = gnu11;
				GCC_DYNAMIC_NO_PIC = NO;
				GCC_NO_COMMON_BLOCKS = YES;
				GCC_OPTIMIZATION_LEVEL = 0;
				GCC_PREPROCESSOR_DEFINITIONS = (
					"DEBUG=1",
					"$(inherited)",
				);
				GCC_WARN_64_TO_32_BIT_CONVERSION = YES;
				GCC_WARN_ABOUT_RETURN_TYPE = YES_ERROR;
				GCC_WARN_UNDECLARED_SELECTOR = YES;
				GCC_WARN_UNINITIALIZED_AUTOS = YES_AGGRESSIVE;
				GCC_WARN_UNUSED_FUNCTION = YES;
				GCC_WARN_UNUSED_VARIABLE = YES;
				IPHONEOS_DEPLOYMENT_TARGET = 11.1;
				MTL_ENABLE_DEBUG_INFO = YES;
				ONLY_ACTIVE_ARCH = YES;
				SDKROOT = iphoneos;
				SWIFT_ACTIVE_COMPILATION_CONDITIONS = DEBUG;
				SWIFT_OPTIMIZATION_LEVEL = "-Onone";
			};
			name = Debug;
		};
		2D96FC641FE1854C00D0857E /* Release */ = {
			isa = XCBuildConfiguration;
			buildSettings = {
				ALWAYS_SEARCH_USER_PATHS = NO;
				CLANG_ANALYZER_NONNULL = YES;
				CLANG_ANALYZER_NUMBER_OBJECT_CONVERSION = YES_AGGRESSIVE;
				CLANG_CXX_LANGUAGE_STANDARD = "gnu++14";
				CLANG_CXX_LIBRARY = "libc++";
				CLANG_ENABLE_MODULES = YES;
				CLANG_ENABLE_OBJC_ARC = YES;
				CLANG_WARN_BLOCK_CAPTURE_AUTORELEASING = YES;
				CLANG_WARN_BOOL_CONVERSION = YES;
				CLANG_WARN_COMMA = YES;
				CLANG_WARN_CONSTANT_CONVERSION = YES;
				CLANG_WARN_DIRECT_OBJC_ISA_USAGE = YES_ERROR;
				CLANG_WARN_DOCUMENTATION_COMMENTS = YES;
				CLANG_WARN_EMPTY_BODY = YES;
				CLANG_WARN_ENUM_CONVERSION = YES;
				CLANG_WARN_INFINITE_RECURSION = YES;
				CLANG_WARN_INT_CONVERSION = YES;
				CLANG_WARN_NON_LITERAL_NULL_CONVERSION = YES;
				CLANG_WARN_OBJC_LITERAL_CONVERSION = YES;
				CLANG_WARN_OBJC_ROOT_CLASS = YES_ERROR;
				CLANG_WARN_RANGE_LOOP_ANALYSIS = YES;
				CLANG_WARN_STRICT_PROTOTYPES = YES;
				CLANG_WARN_SUSPICIOUS_MOVE = YES;
				CLANG_WARN_UNGUARDED_AVAILABILITY = YES_AGGRESSIVE;
				CLANG_WARN_UNREACHABLE_CODE = YES;
				CLANG_WARN__DUPLICATE_METHOD_MATCH = YES;
				CODE_SIGN_IDENTITY = "iPhone Developer";
				COPY_PHASE_STRIP = NO;
				DEBUG_INFORMATION_FORMAT = "dwarf-with-dsym";
				ENABLE_NS_ASSERTIONS = NO;
				ENABLE_STRICT_OBJC_MSGSEND = YES;
				GCC_C_LANGUAGE_STANDARD = gnu11;
				GCC_NO_COMMON_BLOCKS = YES;
				GCC_WARN_64_TO_32_BIT_CONVERSION = YES;
				GCC_WARN_ABOUT_RETURN_TYPE = YES_ERROR;
				GCC_WARN_UNDECLARED_SELECTOR = YES;
				GCC_WARN_UNINITIALIZED_AUTOS = YES_AGGRESSIVE;
				GCC_WARN_UNUSED_FUNCTION = YES;
				GCC_WARN_UNUSED_VARIABLE = YES;
				IPHONEOS_DEPLOYMENT_TARGET = 11.1;
				MTL_ENABLE_DEBUG_INFO = NO;
				SDKROOT = iphoneos;
				SWIFT_OPTIMIZATION_LEVEL = "-Owholemodule";
				VALIDATE_PRODUCT = YES;
			};
			name = Release;
		};
		2D96FC661FE1854C00D0857E /* Debug */ = {
			isa = XCBuildConfiguration;
			buildSettings = {
				ASSETCATALOG_COMPILER_APPICON_NAME = AppIcon;
				CODE_SIGN_STYLE = Automatic;
				INFOPLIST_FILE = js2iOS/Info.plist;
				LD_RUNPATH_SEARCH_PATHS = "$(inherited) @executable_path/Frameworks";
				PRODUCT_BUNDLE_IDENTIFIER = mj.example.js2iOS;
				PRODUCT_NAME = "$(TARGET_NAME)";
				SWIFT_VERSION = 4.0;
				TARGETED_DEVICE_FAMILY = "1,2";
			};
			name = Debug;
		};
		2D96FC671FE1854C00D0857E /* Release */ = {
			isa = XCBuildConfiguration;
			buildSettings = {
				ASSETCATALOG_COMPILER_APPICON_NAME = AppIcon;
				CODE_SIGN_STYLE = Automatic;
				INFOPLIST_FILE = js2iOS/Info.plist;
				LD_RUNPATH_SEARCH_PATHS = "$(inherited) @executable_path/Frameworks";
				PRODUCT_BUNDLE_IDENTIFIER = mj.example.js2iOS;
				PRODUCT_NAME = "$(TARGET_NAME)";
				SWIFT_VERSION = 4.0;
				TARGETED_DEVICE_FAMILY = "1,2";
			};
			name = Release;
		};
/* End XCBuildConfiguration section */

/* Begin XCConfigurationList section */
		2D96FC4E1FE1854C00D0857E /* Build configuration list for PBXProject "js2iOS" */ = {
			isa = XCConfigurationList;
			buildConfigurations = (
				2D96FC631FE1854C00D0857E /* Debug */,
				2D96FC641FE1854C00D0857E /* Release */,
			);
			defaultConfigurationIsVisible = 0;
			defaultConfigurationName = Release;
		};
		2D96FC651FE1854C00D0857E /* Build configuration list for PBXNativeTarget "js2iOS" */ = {
			isa = XCConfigurationList;
			buildConfigurations = (
				2D96FC661FE1854C00D0857E /* Debug */,
				2D96FC671FE1854C00D0857E /* Release */,
			);
			defaultConfigurationIsVisible = 0;
			defaultConfigurationName = Release;
		};
/* End XCConfigurationList section */
	};
	rootObject = 2D96FC4B1FE1854C00D0857E /* Project object */;
}
